
Microsoft Visual Studio Solution File, Format Version 12.00
# Visual Studio Version 17
VisualStudioVersion = 17.2.32519.379
MinimumVisualStudioVersion = 10.0.40219.1
Project("{FAE04EC0-301F-11D3-BF4B-00C04F79EFBC}") = "PryPalaciosPOO", "PryPalaciosPOO\PryPalaciosPOO.csproj", "{E8B5E3A6-1C85-4739-9434-86EA3270BDE0}"
EndProject
Global
	GlobalSection(SolutionConfigurationPlatforms) = preSolution
		Debug|Any CPU = Debug|Any CPU
		Release|Any CPU = Release|Any CPU
	EndGlobalSection
	GlobalSection(ProjectConfigurationPlatforms) = postSolution
		{E8B5E3A6-1C85-4739-9434-86EA3270BDE0}.Debug|Any CPU.ActiveCfg = Debug|Any CPU
		{E8B5E3A6-1C85-4739-9434-86EA3270BDE0}.Debug|Any CPU.Build.0 = Debug|Any CPU
		{E8B5E3A6-1C85-4739-9434-86EA3270BDE0}.Release|Any CPU.ActiveCfg = Release|Any CPU
		{E8B5E3A6-1C85-4739-9434-86EA3270BDE0}.Release|Any CPU.Build.0 = Release|Any CPU
	EndGlobalSection
	GlobalSection(SolutionProperties) = preSolution
		HideSolutionNode = FALSE
	EndGlobalSection
	GlobalSection(ExtensibilityGlobals) = postSolution
		SolutionGuid = {635C4B54-F034-4B18-868D-A821FB97968E}
	EndGlobalSection
EndGlobal
